{
  "name": "ZETAPLANTILLA",
  "version": "1.0.0",
  "lockfileVersion": 3,
  "requires": true,
  "packages": {
    "": {
      "name": "ZETAPLANTILLA",
      "version": "1.0.0",
      "license": "MIT",
      "dependencies": {
        "chart.js": "^4.3.0",
        "foundation-sites": "^6.8.1"
      }
    },
    "node_modules/@kurkle/color": {
      "version": "0.3.2",
      "resolved": "https://registry.npmjs.org/@kurkle/color/-/color-0.3.2.tgz",
      "integrity": "sha512-fuscdXJ9G1qb7W8VdHi+IwRqij3lBkosAm4ydQtEmbY58OzHXqQhvlxqEkoz0yssNVn38bcpRWgA9PP+OGoisw=="
    },
    "node_modules/chart.js": {
      "version": "4.3.0",
      "resolved": "https://registry.npmjs.org/chart.js/-/chart.js-4.3.0.tgz",
      "integrity": "sha512-ynG0E79xGfMaV2xAHdbhwiPLczxnNNnasrmPEXriXsPJGjmhOBYzFVEsB65w2qMDz+CaBJJuJD0inE/ab/h36g==",
      "dependencies": {
        "@kurkle/color": "^0.3.0"
      },
      "engines": {
        "pnpm": ">=7"
      }
    },
    "node_modules/foundation-sites": {
      "version": "6.8.1",
      "resolved": "https://registry.npmjs.org/foundation-sites/-/foundation-sites-6.8.1.tgz",
      "integrity": "sha512-9JAuLqVgzf7EIRUqVKeYN68dU/SGe0aNJPgnejdfJKSWnBFdQLF3Zvy9WEQ1gE/gnyvwG3Ia3LkkEd9774n0bQ==",
      "engines": {
        "node": ">=16.0"
      },
      "peerDependencies": {
        "jquery": ">=3.6.0",
        "motion-ui": "latest",
        "what-input": ">=5.2.10"
      }
    },
    "node_modules/jquery": {
      "version": "3.7.0",
      "resolved": "https://registry.npmjs.org/jquery/-/jquery-3.7.0.tgz",
      "integrity": "sha512-umpJ0/k8X0MvD1ds0P9SfowREz2LenHsQaxSohMZ5OMNEU2r0tf8pdeEFTHMFxWVxKNyU9rTtK3CWzUCTKJUeQ==",
      "peer": true
    },
    "node_modules/motion-ui": {
      "version": "2.0.4",
      "resolved": "https://registry.npmjs.org/motion-ui/-/motion-ui-2.0.4.tgz",
      "integrity": "sha512-7GjtcXXqRHUQGH9Gm8KLbvx9sz5tNGlftsaJ/J5d4q33PzfgKnUm+OynDji4VR3fiZXPT3nMkzBQlZsifYTIOg==",
      "peer": true,
      "peerDependencies": {
        "jquery": ">=2.2.0"
      }
    },
    "node_modules/what-input": {
      "version": "5.2.12",
      "resolved": "https://registry.npmjs.org/what-input/-/what-input-5.2.12.tgz",
      "integrity": "sha512-3yrSa7nGSXGJS6wZeSkO6VNm95pB1mZ9i3wFzC1hhY7mn4/afue/MvXz04OXNdBC8bfo4AB4RRd3Dem9jXM58Q==",
      "peer": true
    }
  }
}
